// !$*UTF8*$!
{
	archiveVersion = 1;
	classes = {
	};
	objectVersion = 50;
	objects = {

/* Begin PBXBuildFile section */
		9523425821AC8B32008140C4 /* ViewController.swift in Sources */ = {isa = PBXBuildFile; fileRef = 9523425721AC8B32008140C4 /* ViewController.swift */; };
		9523425A21AC8DE2008140C4 /* InfoViewController.swift in Sources */ = {isa = PBXBuildFile; fileRef = 9523425921AC8DE2008140C4 /* InfoViewController.swift */; };
		9523425C21AC90A4008140C4 /* AboutUsViewController.swift in Sources */ = {isa = PBXBuildFile; fileRef = 9523425B21AC90A4008140C4 /* AboutUsViewController.swift */; };
		95D52FF421A6F95A0008FA92 /* AppDelegate.swift in Sources */ = {isa = PBXBuildFile; fileRef = 95D52FF321A6F95A0008FA92 /* AppDelegate.swift */; };
		95D52FF921A6F95A0008FA92 /* Main.storyboard in Resources */ = {isa = PBXBuildFile; fileRef = 95D52FF721A6F95A0008FA92 /* Main.storyboard */; };
		95D52FFB21A6F95B0008FA92 /* Assets.xcassets in Resources */ = {isa = PBXBuildFile; fileRef = 95D52FFA21A6F95B0008FA92 /* Assets.xcassets */; };
		95D52FFE21A6F95B0008FA92 /* LaunchScreen.storyboard in Resources */ = {isa = PBXBuildFile; fileRef = 95D52FFC21A6F95B0008FA92 /* LaunchScreen.storyboard */; };
		95D5300921A6F95C0008FA92 /* BullsEyeTests.swift in Sources */ = {isa = PBXBuildFile; fileRef = 95D5300821A6F95C0008FA92 /* BullsEyeTests.swift */; };
		95D5301421A6F95C0008FA92 /* BullsEyeUITests.swift in Sources */ = {isa = PBXBuildFile; fileRef = 95D5301321A6F95C0008FA92 /* BullsEyeUITests.swift */; };
/* End PBXBuildFile section */

/* Begin PBXContainerItemProxy section */
		95D5300521A6F95C0008FA92 /* PBXContainerItemProxy */ = {
			isa = PBXContainerItemProxy;
			containerPortal = 95D52FE821A6F95A0008FA92 /* Project object */;
			proxyType = 1;
			remoteGlobalIDString = 95D52FEF21A6F95A0008FA92;
			remoteInfo = BullsEye;
		};
		95D5301021A6F95C0008FA92 /* PBXContainerItemProxy */ = {
			isa = PBXContainerItemProxy;
			containerPortal = 95D52FE821A6F95A0008FA92 /* Project object */;
			proxyType = 1;
			remoteGlobalIDString = 95D52FEF21A6F95A0008FA92;
			remoteInfo = BullsEye;
		};
/* End PBXContainerItemProxy section */

/* Begin PBXFileReference section */
		9523425721AC8B32008140C4 /* ViewController.swift */ = {isa = PBXFileReference; fileEncoding = 4; lastKnownFileType = sourcecode.swift; path = ViewController.swift; sourceTree = "<group>"; };
		9523425921AC8DE2008140C4 /* InfoViewController.swift */ = {isa = PBXFileReference; lastKnownFileType = sourcecode.swift; path = InfoViewController.swift; sourceTree = "<group>"; };
		9523425B21AC90A4008140C4 /* AboutUsViewController.swift */ = {isa = PBXFileReference; lastKnownFileType = sourcecode.swift; path = AboutUsViewController.swift; sourceTree = "<group>"; };
		95D52FF021A6F95A0008FA92 /* BullsEye.app */ = {isa = PBXFileReference; explicitFileType = wrapper.application; includeInIndex = 0; path = BullsEye.app; sourceTree = BUILT_PRODUCTS_DIR; };
		95D52FF321A6F95A0008FA92 /* AppDelegate.swift */ = {isa = PBXFileReference; lastKnownFileType = sourcecode.swift; path = AppDelegate.swift; sourceTree = "<group>"; };
		95D52FF821A6F95A0008FA92 /* Base */ = {isa = PBXFileReference; lastKnownFileType = file.storyboard; name = Base; path = Base.lproj/Main.storyboard; sourceTree = "<group>"; };
		95D52FFA21A6F95B0008FA92 /* Assets.xcassets */ = {isa = PBXFileReference; lastKnownFileType = folder.assetcatalog; path = Assets.xcassets; sourceTree = "<group>"; };
		95D52FFD21A6F95B0008FA92 /* Base */ = {isa = PBXFileReference; lastKnownFileType = file.storyboard; name = Base; path = Base.lproj/LaunchScreen.storyboard; sourceTree = "<group>"; };
		95D52FFF21A6F95B0008FA92 /* Info.plist */ = {isa = PBXFileReference; lastKnownFileType = text.plist.xml; path = Info.plist; sourceTree = "<group>"; };
		95D5300421A6F95C0008FA92 /* BullsEyeTests.xctest */ = {isa = PBXFileReference; explicitFileType = wrapper.cfbundle; includeInIndex = 0; path = BullsEyeTests.xctest; sourceTree = BUILT_PRODUCTS_DIR; };
		95D5300821A6F95C0008FA92 /* BullsEyeTests.swift */ = {isa = PBXFileReference; lastKnownFileType = sourcecode.swift; path = BullsEyeTests.swift; sourceTree = "<group>"; };
		95D5300A21A6F95C0008FA92 /* Info.plist */ = {isa = PBXFileReference; lastKnownFileType = text.plist.xml; path = Info.plist; sourceTree = "<group>"; };
		95D5300F21A6F95C0008FA92 /* BullsEyeUITests.xctest */ = {isa = PBXFileReference; explicitFileType = wrapper.cfbundle; includeInIndex = 0; path = BullsEyeUITests.xctest; sourceTree = BUILT_PRODUCTS_DIR; };
		95D5301321A6F95C0008FA92 /* BullsEyeUITests.swift */ = {isa = PBXFileReference; lastKnownFileType = sourcecode.swift; path = BullsEyeUITests.swift; sourceTree = "<group>"; };
		95D5301521A6F95C0008FA92 /* Info.plist */ = {isa = PBXFileReference; lastKnownFileType = text.plist.xml; path = Info.plist; sourceTree = "<group>"; };
/* End PBXFileReference section */

/* Begin PBXFrameworksBuildPhase section */
		95D52FED21A6F95A0008FA92 /* Frameworks */ = {
			isa = PBXFrameworksBuildPhase;
			buildActionMask = 2147483647;
			files = (
			);
			runOnlyForDeploymentPostprocessing = 0;
		};
		95D5300121A6F95C0008FA92 /* Frameworks */ = {
			isa = PBXFrameworksBuildPhase;
			buildActionMask = 2147483647;
			files = (
			);
			runOnlyForDeploymentPostprocessing = 0;
		};
		95D5300C21A6F95C0008FA92 /* Frameworks */ = {
			isa = PBXFrameworksBuildPhase;
			buildActionMask = 2147483647;
			files = (
			);
			runOnlyForDeploymentPostprocessing = 0;
		};
/* End PBXFrameworksBuildPhase section */

/* Begin PBXGroup section */
		95D52FE721A6F95A0008FA92 = {
			isa = PBXGroup;
			children = (
				95D52FF221A6F95A0008FA92 /* BullsEye */,
				95D5300721A6F95C0008FA92 /* BullsEyeTests */,
				95D5301221A6F95C0008FA92 /* BullsEyeUITests */,
				95D52FF121A6F95A0008FA92 /* Products */,
			);
			sourceTree = "<group>";
		};
		95D52FF121A6F95A0008FA92 /* Products */ = {
			isa = PBXGroup;
			children = (
				95D52FF021A6F95A0008FA92 /* BullsEye.app */,
				95D5300421A6F95C0008FA92 /* BullsEyeTests.xctest */,
				95D5300F21A6F95C0008FA92 /* BullsEyeUITests.xctest */,
			);
			name = Products;
			sourceTree = "<group>";
		};
		95D52FF221A6F95A0008FA92 /* BullsEye */ = {
			isa = PBXGroup;
			children = (
				95D52FF321A6F95A0008FA92 /* AppDelegate.swift */,
				9523425721AC8B32008140C4 /* ViewController.swift */,
				95D52FF721A6F95A0008FA92 /* Main.storyboard */,
				9523425B21AC90A4008140C4 /* AboutUsViewController.swift */,
				9523425921AC8DE2008140C4 /* InfoViewController.swift */,
				95D52FFA21A6F95B0008FA92 /* Assets.xcassets */,
				95D52FFC21A6F95B0008FA92 /* LaunchScreen.storyboard */,
				95D52FFF21A6F95B0008FA92 /* Info.plist */,
			);
			path = BullsEye;
			sourceTree = "<group>";
		};
		95D5300721A6F95C0008FA92 /* BullsEyeTests */ = {
			isa = PBXGroup;
			children = (
				95D5300821A6F95C0008FA92 /* BullsEyeTests.swift */,
				95D5300A21A6F95C0008FA92 /* Info.plist */,
			);
			path = BullsEyeTests;
			sourceTree = "<group>";
		};
		95D5301221A6F95C0008FA92 /* BullsEyeUITests */ = {
			isa = PBXGroup;
			children = (
				95D5301321A6F95C0008FA92 /* BullsEyeUITests.swift */,
				95D5301521A6F95C0008FA92 /* Info.plist */,
			);
			path = BullsEyeUITests;
			sourceTree = "<group>";
		};
/* End PBXGroup section */

/* Begin PBXNativeTarget section */
		95D52FEF21A6F95A0008FA92 /* BullsEye */ = {
			isa = PBXNativeTarget;
			buildConfigurationList = 95D5301821A6F95C0008FA92 /* Build configuration list for PBXNativeTarget "BullsEye" */;
			buildPhases = (
				95D52FEC21A6F95A0008FA92 /* Sources */,
				95D52FED21A6F95A0008FA92 /* Frameworks */,
				95D52FEE21A6F95A0008FA92 /* Resources */,
			);
			buildRules = (
			);
			dependencies = (
			);
			name = BullsEye;
			productName = BullsEye;
			productReference = 95D52FF021A6F95A0008FA92 /* BullsEye.app */;
			productType = "com.apple.product-type.application";
		};
		95D5300321A6F95C0008FA92 /* BullsEyeTests */ = {
			isa = PBXNativeTarget;
			buildConfigurationList = 95D5301B21A6F95C0008FA92 /* Build configuration list for PBXNativeTarget "BullsEyeTests" */;
			buildPhases = (
				95D5300021A6F95C0008FA92 /* Sources */,
				95D5300121A6F95C0008FA92 /* Frameworks */,
				95D5300221A6F95C0008FA92 /* Resources */,
			);
			buildRules = (
			);
			dependencies = (
				95D5300621A6F95C0008FA92 /* PBXTargetDependency */,
			);
			name = BullsEyeTests;
			productName = BullsEyeTests;
			productReference = 95D5300421A6F95C0008FA92 /* BullsEyeTests.xctest */;
			productType = "com.apple.product-type.bundle.unit-test";
		};
		95D5300E21A6F95C0008FA92 /* BullsEyeUITests */ = {
			isa = PBXNativeTarget;
			buildConfigurationList = 95D5301E21A6F95C0008FA92 /* Build configuration list for PBXNativeTarget "BullsEyeUITests" */;
			buildPhases = (
				95D5300B21A6F95C0008FA92 /* Sources */,
				95D5300C21A6F95C0008FA92 /* Frameworks */,
				95D5300D21A6F95C0008FA92 /* Resources */,
			);
			buildRules = (
			);
			dependencies = (
				95D5301121A6F95C0008FA92 /* PBXTargetDependency */,
			);
			name = BullsEyeUITests;
			productName = BullsEyeUITests;
			productReference = 95D5300F21A6F95C0008FA92 /* BullsEyeUITests.xctest */;
			productType = "com.apple.product-type.bundle.ui-testing";
		};
/* End PBXNativeTarget section */

/* Begin PBXProject section */
		95D52FE821A6F95A0008FA92 /* Project object */ = {
			isa = PBXProject;
			attributes = {
				LastSwiftUpdateCheck = 1010;
				LastUpgradeCheck = 1010;
				ORGANIZATIONNAME = "Andrew Yakovenko";
				TargetAttributes = {
					95D52FEF21A6F95A0008FA92 = {
						CreatedOnToolsVersion = 10.1;
					};
					95D5300321A6F95C0008FA92 = {
						CreatedOnToolsVersion = 10.1;
						TestTargetID = 95D52FEF21A6F95A0008FA92;
					};
					95D5300E21A6F95C0008FA92 = {
						CreatedOnToolsVersion = 10.1;
						TestTargetID = 95D52FEF21A6F95A0008FA92;
					};
				};
			};
			buildConfigurationList = 95D52FEB21A6F95A0008FA92 /* Build configuration list for PBXProject "BullsEye" */;
			compatibilityVersion = "Xcode 9.3";
			developmentRegion = en;
			hasScannedForEncodings = 0;
			knownRegions = (
				en,
				Base,
			);
			mainGroup = 95D52FE721A6F95A0008FA92;
			productRefGroup = 95D52FF121A6F95A0008FA92 /* Products */;
			projectDirPath = "";
			projectRoot = "";
			targets = (
				95D52FEF21A6F95A0008FA92 /* BullsEye */,
				95D5300321A6F95C0008FA92 /* BullsEyeTests */,
				95D5300E21A6F95C0008FA92 /* BullsEyeUITests */,
			);
		};
/* End PBXProject section */

/* Begin PBXResourcesBuildPhase section */
		95D52FEE21A6F95A0008FA92 /* Resources */ = {
			isa = PBXResourcesBuildPhase;
			buildActionMask = 2147483647;
			files = (
				95D52FFE21A6F95B0008FA92 /* LaunchScreen.storyboard in Resources */,
				95D52FFB21A6F95B0008FA92 /* Assets.xcassets in Resources */,
				95D52FF921A6F95A0008FA92 /* Main.storyboard in Resources */,
			);
			runOnlyForDeploymentPostprocessing = 0;
		};
		95D5300221A6F95C0008FA92 /* Resources */ = {
			isa = PBXResourcesBuildPhase;
			buildActionMask = 2147483647;
			files = (
			);
			runOnlyForDeploymentPostprocessing = 0;
		};
		95D5300D21A6F95C0008FA92 /* Resources */ = {
			isa = PBXResourcesBuildPhase;
			buildActionMask = 2147483647;
			files = (
			);
			runOnlyForDeploymentPostprocessing = 0;
		};
/* End PBXResourcesBuildPhase section */

/* Begin PBXSourcesBuildPhase section */
		95D52FEC21A6F95A0008FA92 /* Sources */ = {
			isa = PBXSourcesBuildPhase;
			buildActionMask = 2147483647;
			files = (
				9523425C21AC90A4008140C4 /* AboutUsViewController.swift in Sources */,
				9523425821AC8B32008140C4 /* ViewController.swift in Sources */,
				9523425A21AC8DE2008140C4 /* InfoViewController.swift in Sources */,
				95D52FF421A6F95A0008FA92 /* AppDelegate.swift in Sources */,
			);
			runOnlyForDeploymentPostprocessing = 0;
		};
		95D5300021A6F95C0008FA92 /* Sources */ = {
			isa = PBXSourcesBuildPhase;
			buildActionMask = 2147483647;
			files = (
				95D5300921A6F95C0008FA92 /* BullsEyeTests.swift in Sources */,
			);
			runOnlyForDeploymentPostprocessing = 0;
		};
		95D5300B21A6F95C0008FA92 /* Sources */ = {
			isa = PBXSourcesBuildPhase;
			buildActionMask = 2147483647;
			files = (
				95D5301421A6F95C0008FA92 /* BullsEyeUITests.swift in Sources */,
			);
			runOnlyForDeploymentPostprocessing = 0;
		};
/* End PBXSourcesBuildPhase section */

/* Begin PBXTargetDependency section */
		95D5300621A6F95C0008FA92 /* PBXTargetDependency */ = {
			isa = PBXTargetDependency;
			target = 95D52FEF21A6F95A0008FA92 /* BullsEye */;
			targetProxy = 95D5300521A6F95C0008FA92 /* PBXContainerItemProxy */;
		};
		95D5301121A6F95C0008FA92 /* PBXTargetDependency */ = {
			isa = PBXTargetDependency;
			target = 95D52FEF21A6F95A0008FA92 /* BullsEye */;
			targetProxy = 95D5301021A6F95C0008FA92 /* PBXContainerItemProxy */;
		};
/* End PBXTargetDependency section */

/* Begin PBXVariantGroup section */
		95D52FF721A6F95A0008FA92 /* Main.storyboard */ = {
			isa = PBXVariantGroup;
			children = (
				95D52FF821A6F95A0008FA92 /* Base */,
			);
			name = Main.storyboard;
			sourceTree = "<group>";
		};
		95D52FFC21A6F95B0008FA92 /* LaunchScreen.storyboard */ = {
			isa = PBXVariantGroup;
			children = (
				95D52FFD21A6F95B0008FA92 /* Base */,
			);
			name = LaunchScreen.storyboard;
			sourceTree = "<group>";
		};
/* End PBXVariantGroup section */

/* Begin XCBuildConfiguration section */
		95D5301621A6F95C0008FA92 /* Debug */ = {
			isa = XCBuildConfiguration;
			buildSettings = {
				ALWAYS_SEARCH_USER_PATHS = NO;
				CLANG_ANALYZER_NONNULL = YES;
				CLANG_ANALYZER_NUMBER_OBJECT_CONVERSION = YES_AGGRESSIVE;
				CLANG_CXX_LANGUAGE_STANDARD = "gnu++14";
				CLANG_CXX_LIBRARY = "libc++";
				CLANG_ENABLE_MODULES = YES;
				CLANG_ENABLE_OBJC_ARC = YES;
				CLANG_ENABLE_OBJC_WEAK = YES;
				CLANG_WARN_BLOCK_CAPTURE_AUTORELEASING = YES;
				CLANG_WARN_BOOL_CONVERSION = YES;
				CLANG_WARN_COMMA = YES;
				CLANG_WARN_CONSTANT_CONVERSION = YES;
				CLANG_WARN_DEPRECATED_OBJC_IMPLEMENTATIONS = YES;
				CLANG_WARN_DIRECT_OBJC_ISA_USAGE = YES_ERROR;
				CLANG_WARN_DOCUMENTATION_COMMENTS = YES;
				CLANG_WARN_EMPTY_BODY = YES;
				CLANG_WARN_ENUM_CONVERSION = YES;
				CLANG_WARN_INFINITE_RECURSION = YES;
				CLANG_WARN_INT_CONVERSION = YES;
				CLANG_WARN_NON_LITERAL_NULL_CONVERSION = YES;
				CLANG_WARN_OBJC_IMPLICIT_RETAIN_SELF = YES;
				CLANG_WARN_OBJC_LITERAL_CONVERSION = YES;
				CLANG_WARN_OBJC_ROOT_CLASS = YES_ERROR;
				CLANG_WARN_RANGE_LOOP_ANALYSIS = YES;
				CLANG_WARN_STRICT_PROTOTYPES = YES;
				CLANG_WARN_SUSPICIOUS_MOVE = YES;
				CLANG_WARN_UNGUARDED_AVAILABILITY = YES_AGGRESSIVE;
				CLANG_WARN_UNREACHABLE_CODE = YES;
				CLANG_WARN__DUPLICATE_METHOD_MATCH = YES;
				CODE_SIGN_IDENTITY = "iPhone Developer";
				COPY_PHASE_STRIP = NO;
				DEBUG_INFORMATION_FORMAT = dwarf;
				ENABLE_STRICT_OBJC_MSGSEND = YES;
				ENABLE_TESTABILITY = YES;
				GCC_C_LANGUAGE_STANDARD = gnu11;
				GCC_DYNAMIC_NO_PIC = NO;
				GCC_NO_COMMON_BLOCKS = YES;
				GCC_OPTIMIZATION_LEVEL = 0;
				GCC_PREPROCESSOR_DEFINITIONS = (
					"DEBUG=1",
					"$(inherited)",
				);
				GCC_WARN_64_TO_32_BIT_CONVERSION = YES;
				GCC_WARN_ABOUT_RETURN_TYPE = YES_ERROR;
				GCC_WARN_UNDECLARED_SELECTOR = YES;
				GCC_WARN_UNINITIALIZED_AUTOS = YES_AGGRESSIVE;
				GCC_WARN_UNUSED_FUNCTION = YES;
				GCC_WARN_UNUSED_VARIABLE = YES;
				IPHONEOS_DEPLOYMENT_TARGET = 12.1;
				MTL_ENABLE_DEBUG_INFO = INCLUDE_SOURCE;
				MTL_FAST_MATH = YES;
				ONLY_ACTIVE_ARCH = YES;
				SDKROOT = iphoneos;
				SWIFT_ACTIVE_COMPILATION_CONDITIONS = DEBUG;
				SWIFT_OPTIMIZATION_LEVEL = "-Onone";
			};
			name = Debug;
		};
		95D5301721A6F95C0008FA92 /* Release */ = {
			isa = XCBuildConfiguration;
			buildSettings = {
				ALWAYS_SEARCH_USER_PATHS = NO;
				CLANG_ANALYZER_NONNULL = YES;
				CLANG_ANALYZER_NUMBER_OBJECT_CONVERSION = YES_AGGRESSIVE;
				CLANG_CXX_LANGUAGE_STANDARD = "gnu++14";
				CLANG_CXX_LIBRARY = "libc++";
				CLANG_ENABLE_MODULES = YES;
				CLANG_ENABLE_OBJC_ARC = YES;
				CLANG_ENABLE_OBJC_WEAK = YES;
				CLANG_WARN_BLOCK_CAPTURE_AUTORELEASING = YES;
				CLANG_WARN_BOOL_CONVERSION = YES;
				CLANG_WARN_COMMA = YES;
				CLANG_WARN_CONSTANT_CONVERSION = YES;
				CLANG_WARN_DEPRECATED_OBJC_IMPLEMENTATIONS = YES;
				CLANG_WARN_DIRECT_OBJC_ISA_USAGE = YES_ERROR;
				CLANG_WARN_DOCUMENTATION_COMMENTS = YES;
				CLANG_WARN_EMPTY_BODY = YES;
				CLANG_WARN_ENUM_CONVERSION = YES;
				CLANG_WARN_INFINITE_RECURSION = YES;
				CLANG_WARN_INT_CONVERSION = YES;
				CLANG_WARN_NON_LITERAL_NULL_CONVERSION = YES;
				CLANG_WARN_OBJC_IMPLICIT_RETAIN_SELF = YES;
				CLANG_WARN_OBJC_LITERAL_CONVERSION = YES;
				CLANG_WARN_OBJC_ROOT_CLASS = YES_ERROR;
				CLANG_WARN_RANGE_LOOP_ANALYSIS = YES;
				CLANG_WARN_STRICT_PROTOTYPES = YES;
				CLANG_WARN_SUSPICIOUS_MOVE = YES;
				CLANG_WARN_UNGUARDED_AVAILABILITY = YES_AGGRESSIVE;
				CLANG_WARN_UNREACHABLE_CODE = YES;
				CLANG_WARN__DUPLICATE_METHOD_MATCH = YES;
				CODE_SIGN_IDENTITY = "iPhone Developer";
				COPY_PHASE_STRIP = NO;
				DEBUG_INFORMATION_FORMAT = "dwarf-with-dsym";
				ENABLE_NS_ASSERTIONS = NO;
				ENABLE_STRICT_OBJC_MSGSEND = YES;
				GCC_C_LANGUAGE_STANDARD = gnu11;
				GCC_NO_COMMON_BLOCKS = YES;
				GCC_WARN_64_TO_32_BIT_CONVERSION = YES;
				GCC_WARN_ABOUT_RETURN_TYPE = YES_ERROR;
				GCC_WARN_UNDECLARED_SELECTOR = YES;
				GCC_WARN_UNINITIALIZED_AUTOS = YES_AGGRESSIVE;
				GCC_WARN_UNUSED_FUNCTION = YES;
				GCC_WARN_UNUSED_VARIABLE = YES;
				IPHONEOS_DEPLOYMENT_TARGET = 12.1;
				MTL_ENABLE_DEBUG_INFO = NO;
				MTL_FAST_MATH = YES;
				SDKROOT = iphoneos;
				SWIFT_COMPILATION_MODE = wholemodule;
				SWIFT_OPTIMIZATION_LEVEL = "-O";
				VALIDATE_PRODUCT = YES;
			};
			name = Release;
		};
		95D5301921A6F95C0008FA92 /* Debug */ = {
			isa = XCBuildConfiguration;
			buildSettings = {
				ASSETCATALOG_COMPILER_APPICON_NAME = AppIcon;
				CODE_SIGN_STYLE = Automatic;
				INFOPLIST_FILE = BullsEye/Info.plist;
				LD_RUNPATH_SEARCH_PATHS = (
					"$(inherited)",
					"@executable_path/Frameworks",
				);
				PRODUCT_BUNDLE_IDENTIFIER = "Admiral-games.BullsEye";
				PRODUCT_NAME = "$(TARGET_NAME)";
				SWIFT_VERSION = 4.2;
				TARGETED_DEVICE_FAMILY = "1,2";
			};
			name = Debug;
		};
		95D5301A21A6F95C0008FA92 /* Release */ = {
			isa = XCBuildConfiguration;
			buildSettings = {
				ASSETCATALOG_COMPILER_APPICON_NAME = AppIcon;
				CODE_SIGN_STYLE = Automatic;
				INFOPLIST_FILE = BullsEye/Info.plist;
				LD_RUNPATH_SEARCH_PATHS = (
					"$(inherited)",
					"@executable_path/Frameworks",
				);
				PRODUCT_BUNDLE_IDENTIFIER = "Admiral-games.BullsEye";
				PRODUCT_NAME = "$(TARGET_NAME)";
				SWIFT_VERSION = 4.2;
				TARGETED_DEVICE_FAMILY = "1,2";
			};
			name = Release;
		};
		95D5301C21A6F95C0008FA92 /* Debug */ = {
			isa = XCBuildConfiguration;
			buildSettings = {
				ALWAYS_EMBED_SWIFT_STANDARD_LIBRARIES = YES;
				BUNDLE_LOADER = "$(TEST_HOST)";
				CODE_SIGN_STYLE = Automatic;
				INFOPLIST_FILE = BullsEyeTests/Info.plist;
				LD_RUNPATH_SEARCH_PATHS = (
					"$(inherited)",
					"@executable_path/Frameworks",
					"@loader_path/Frameworks",
				);
				PRODUCT_BUNDLE_IDENTIFIER = "Admiral-games.BullsEyeTests";
				PRODUCT_NAME = "$(TARGET_NAME)";
				SWIFT_VERSION = 4.2;
				TARGETED_DEVICE_FAMILY = "1,2";
				TEST_HOST = "$(BUILT_PRODUCTS_DIR)/BullsEye.app/BullsEye";
			};
			name = Debug;
		};
		95D5301D21A6F95C0008FA92 /* Release */ = {
			isa = XCBuildConfiguration;
			buildSettings = {
				ALWAYS_EMBED_SWIFT_STANDARD_LIBRARIES = YES;
				BUNDLE_LOADER = "$(TEST_HOST)";
				CODE_SIGN_STYLE = Automatic;
				INFOPLIST_FILE = BullsEyeTests/Info.plist;
				LD_RUNPATH_SEARCH_PATHS = (
					"$(inherited)",
					"@executable_path/Frameworks",
					"@loader_path/Frameworks",
				);
				PRODUCT_BUNDLE_IDENTIFIER = "Admiral-games.BullsEyeTests";
				PRODUCT_NAME = "$(TARGET_NAME)";
				SWIFT_VERSION = 4.2;
				TARGETED_DEVICE_FAMILY = "1,2";
				TEST_HOST = "$(BUILT_PRODUCTS_DIR)/BullsEye.app/BullsEye";
			};
			name = Release;
		};
		95D5301F21A6F95C0008FA92 /* Debug */ = {
			isa = XCBuildConfiguration;
			buildSettings = {
				ALWAYS_EMBED_SWIFT_STANDARD_LIBRARIES = YES;
				CODE_SIGN_STYLE = Automatic;
				INFOPLIST_FILE = BullsEyeUITests/Info.plist;
				LD_RUNPATH_SEARCH_PATHS = (
					"$(inherited)",
					"@executable_path/Frameworks",
					"@loader_path/Frameworks",
				);
				PRODUCT_BUNDLE_IDENTIFIER = "Admiral-games.BullsEyeUITests";
				PRODUCT_NAME = "$(TARGET_NAME)";
				SWIFT_VERSION = 4.2;
				TARGETED_DEVICE_FAMILY = "1,2";
				TEST_TARGET_NAME = BullsEye;
			};
			name = Debug;
		};
		95D5302021A6F95C0008FA92 /* Release */ = {
			isa = XCBuildConfiguration;
			buildSettings = {
				ALWAYS_EMBED_SWIFT_STANDARD_LIBRARIES = YES;
				CODE_SIGN_STYLE = Automatic;
				INFOPLIST_FILE = BullsEyeUITests/Info.plist;
				LD_RUNPATH_SEARCH_PATHS = (
					"$(inherited)",
					"@executable_path/Frameworks",
					"@loader_path/Frameworks",
				);
				PRODUCT_BUNDLE_IDENTIFIER = "Admiral-games.BullsEyeUITests";
				PRODUCT_NAME = "$(TARGET_NAME)";
				SWIFT_VERSION = 4.2;
				TARGETED_DEVICE_FAMILY = "1,2";
				TEST_TARGET_NAME = BullsEye;
			};
			name = Release;
		};
/* End XCBuildConfiguration section */

/* Begin XCConfigurationList section */
		95D52FEB21A6F95A0008FA92 /* Build configuration list for PBXProject "BullsEye" */ = {
			isa = XCConfigurationList;
			buildConfigurations = (
				95D5301621A6F95C0008FA92 /* Debug */,
				95D5301721A6F95C0008FA92 /* Release */,
			);
			defaultConfigurationIsVisible = 0;
			defaultConfigurationName = Release;
		};
		95D5301821A6F95C0008FA92 /* Build configuration list for PBXNativeTarget "BullsEye" */ = {
			isa = XCConfigurationList;
			buildConfigurations = (
				95D5301921A6F95C0008FA92 /* Debug */,
				95D5301A21A6F95C0008FA92 /* Release */,
			);
			defaultConfigurationIsVisible = 0;
			defaultConfigurationName = Release;
		};
		95D5301B21A6F95C0008FA92 /* Build configuration list for PBXNativeTarget "BullsEyeTests" */ = {
			isa = XCConfigurationList;
			buildConfigurations = (
				95D5301C21A6F95C0008FA92 /* Debug */,
				95D5301D21A6F95C0008FA92 /* Release */,
			);
			defaultConfigurationIsVisible = 0;
			defaultConfigurationName = Release;
		};
		95D5301E21A6F95C0008FA92 /* Build configuration list for PBXNativeTarget "BullsEyeUITests" */ = {
			isa = XCConfigurationList;
			buildConfigurations = (
				95D5301F21A6F95C0008FA92 /* Debug */,
				95D5302021A6F95C0008FA92 /* Release */,
			);
			defaultConfigurationIsVisible = 0;
			defaultConfigurationName = Release;
		};
/* End XCConfigurationList section */
	};
	rootObject = 95D52FE821A6F95A0008FA92 /* Project object */;
}
